
Microsoft Visual Studio Solution File, Format Version 12.00
# Visual Studio 15
VisualStudioVersion = 15.0.26430.14
MinimumVisualStudioVersion = 10.0.40219.1
Project("{2150E333-8FDC-42A3-9474-1A3956D46DE8}") = "src", "src", "{7DEE8289-6EF3-4039-A2FA-0092239AE10E}"
EndProject
Project("{E53339B2-1760-4266-BCC7-CA923CBCF16C}") = "docker-compose", "docker-compose.dcproj", "{F39BC8BB-11DD-4E0E-AA38-75EF3D996E32}"
EndProject
Project("{2150E333-8FDC-42A3-9474-1A3956D46DE8}") = "test", "test", "{F0356C4A-F501-4318-9CDB-C0A57C4D5914}"
EndProject
Project("{2150E333-8FDC-42A3-9474-1A3956D46DE8}") = "Services", "Services", "{A9C10560-E47D-4625-B9CB-475F908114ED}"
EndProject
Project("{2150E333-8FDC-42A3-9474-1A3956D46DE8}") = "Location", "Location", "{29BA2C5C-0931-4527-9F56-431F1450D585}"
EndProject
Project("{9A19103F-16F7-4668-BE54-9A1E7A4F7556}") = "QDot.Location.API.Client", "src\Services\Location\QDot.Location.API.Client\QDot.Location.API.Client.csproj", "{C9323A49-2C59-425A-BC9A-ED86E712D9E8}"
EndProject
Project("{9A19103F-16F7-4668-BE54-9A1E7A4F7556}") = "QDot.Location.Core", "src\Services\Location\QDot.Location.Core\QDot.Location.Core.csproj", "{53DCB1BB-28B1-4A13-8A51-4C1B6234B782}"
EndProject
Project("{9A19103F-16F7-4668-BE54-9A1E7A4F7556}") = "QDot.Location.API", "src\Services\Location\QDot.Location.API\QDot.Location.API.csproj", "{0B552E49-9627-4804-B844-8FA1CBC9BE3A}"
EndProject
Project("{9A19103F-16F7-4668-BE54-9A1E7A4F7556}") = "QDot.UnitTest", "test\QDot.UnitTest\QDot.UnitTest.csproj", "{686C5C5F-8238-4EEF-B4CF-BBA0901E89BC}"
EndProject
Global
	GlobalSection(SolutionConfigurationPlatforms) = preSolution
		Debug|Any CPU = Debug|Any CPU
		Release|Any CPU = Release|Any CPU
	EndGlobalSection
	GlobalSection(ProjectConfigurationPlatforms) = postSolution
		{F39BC8BB-11DD-4E0E-AA38-75EF3D996E32}.Debug|Any CPU.ActiveCfg = Debug|Any CPU
		{F39BC8BB-11DD-4E0E-AA38-75EF3D996E32}.Debug|Any CPU.Build.0 = Debug|Any CPU
		{F39BC8BB-11DD-4E0E-AA38-75EF3D996E32}.Release|Any CPU.ActiveCfg = Release|Any CPU
		{F39BC8BB-11DD-4E0E-AA38-75EF3D996E32}.Release|Any CPU.Build.0 = Release|Any CPU
		{C9323A49-2C59-425A-BC9A-ED86E712D9E8}.Debug|Any CPU.ActiveCfg = Debug|Any CPU
		{C9323A49-2C59-425A-BC9A-ED86E712D9E8}.Debug|Any CPU.Build.0 = Debug|Any CPU
		{C9323A49-2C59-425A-BC9A-ED86E712D9E8}.Release|Any CPU.ActiveCfg = Release|Any CPU
		{C9323A49-2C59-425A-BC9A-ED86E712D9E8}.Release|Any CPU.Build.0 = Release|Any CPU
		{53DCB1BB-28B1-4A13-8A51-4C1B6234B782}.Debug|Any CPU.ActiveCfg = Debug|Any CPU
		{53DCB1BB-28B1-4A13-8A51-4C1B6234B782}.Debug|Any CPU.Build.0 = Debug|Any CPU
		{53DCB1BB-28B1-4A13-8A51-4C1B6234B782}.Release|Any CPU.ActiveCfg = Release|Any CPU
		{53DCB1BB-28B1-4A13-8A51-4C1B6234B782}.Release|Any CPU.Build.0 = Release|Any CPU
		{0B552E49-9627-4804-B844-8FA1CBC9BE3A}.Debug|Any CPU.ActiveCfg = Debug|Any CPU
		{0B552E49-9627-4804-B844-8FA1CBC9BE3A}.Debug|Any CPU.Build.0 = Debug|Any CPU
		{0B552E49-9627-4804-B844-8FA1CBC9BE3A}.Release|Any CPU.ActiveCfg = Release|Any CPU
		{0B552E49-9627-4804-B844-8FA1CBC9BE3A}.Release|Any CPU.Build.0 = Release|Any CPU
		{686C5C5F-8238-4EEF-B4CF-BBA0901E89BC}.Debug|Any CPU.ActiveCfg = Debug|Any CPU
		{686C5C5F-8238-4EEF-B4CF-BBA0901E89BC}.Debug|Any CPU.Build.0 = Debug|Any CPU
		{686C5C5F-8238-4EEF-B4CF-BBA0901E89BC}.Release|Any CPU.ActiveCfg = Release|Any CPU
		{686C5C5F-8238-4EEF-B4CF-BBA0901E89BC}.Release|Any CPU.Build.0 = Release|Any CPU
	EndGlobalSection
	GlobalSection(SolutionProperties) = preSolution
		HideSolutionNode = FALSE
	EndGlobalSection
	GlobalSection(NestedProjects) = preSolution
		{A9C10560-E47D-4625-B9CB-475F908114ED} = {7DEE8289-6EF3-4039-A2FA-0092239AE10E}
		{29BA2C5C-0931-4527-9F56-431F1450D585} = {A9C10560-E47D-4625-B9CB-475F908114ED}
		{C9323A49-2C59-425A-BC9A-ED86E712D9E8} = {29BA2C5C-0931-4527-9F56-431F1450D585}
		{53DCB1BB-28B1-4A13-8A51-4C1B6234B782} = {29BA2C5C-0931-4527-9F56-431F1450D585}
		{0B552E49-9627-4804-B844-8FA1CBC9BE3A} = {29BA2C5C-0931-4527-9F56-431F1450D585}
		{686C5C5F-8238-4EEF-B4CF-BBA0901E89BC} = {F0356C4A-F501-4318-9CDB-C0A57C4D5914}
	EndGlobalSection
EndGlobal
